
Microsoft Visual Studio Solution File, Format Version 12.00
# Visual Studio 15
VisualStudioVersion = 15.0.27130.2027
MinimumVisualStudioVersion = 10.0.40219.1
Project("{FAE04EC0-301F-11D3-BF4B-00C04F79EFBC}") = "gdipsa-sa4102-fopcs", "gdipsa-sa4102-fopcs\gdipsa-sa4102-fopcs.csproj", "{4236D500-2AAF-4D15-8B1E-2FE50C58C6E2}"
EndProject
Global
	GlobalSection(SolutionConfigurationPlatforms) = preSolution
		Debug|Any CPU = Debug|Any CPU
		Release|Any CPU = Release|Any CPU
	EndGlobalSection
	GlobalSection(ProjectConfigurationPlatforms) = postSolution
		{4236D500-2AAF-4D15-8B1E-2FE50C58C6E2}.Debug|Any CPU.ActiveCfg = Debug|Any CPU
		{4236D500-2AAF-4D15-8B1E-2FE50C58C6E2}.Debug|Any CPU.Build.0 = Debug|Any CPU
		{4236D500-2AAF-4D15-8B1E-2FE50C58C6E2}.Release|Any CPU.ActiveCfg = Release|Any CPU
		{4236D500-2AAF-4D15-8B1E-2FE50C58C6E2}.Release|Any CPU.Build.0 = Release|Any CPU
	EndGlobalSection
	GlobalSection(SolutionProperties) = preSolution
		HideSolutionNode = FALSE
	EndGlobalSection
	GlobalSection(ExtensibilityGlobals) = postSolution
		SolutionGuid = {8AA0C2CF-5F8F-419D-BBFF-31560CC1D522}
	EndGlobalSection
EndGlobal
